
Microsoft Visual Studio Solution File, Format Version 12.00
# Visual Studio Version 17
VisualStudioVersion = 17.3.32901.215
MinimumVisualStudioVersion = 10.0.40219.1
Project("{FAE04EC0-301F-11D3-BF4B-00C04F79EFBC}") = "RadioButtons", "RadioButtons\RadioButtons.csproj", "{AC77F6A1-8470-4D17-8C82-5E7719776EED}"
EndProject
Global
	GlobalSection(SolutionConfigurationPlatforms) = preSolution
		Debug|Any CPU = Debug|Any CPU
		Release|Any CPU = Release|Any CPU
	EndGlobalSection
	GlobalSection(ProjectConfigurationPlatforms) = postSolution
		{AC77F6A1-8470-4D17-8C82-5E7719776EED}.Debug|Any CPU.ActiveCfg = Debug|Any CPU
		{AC77F6A1-8470-4D17-8C82-5E7719776EED}.Debug|Any CPU.Build.0 = Debug|Any CPU
		{AC77F6A1-8470-4D17-8C82-5E7719776EED}.Release|Any CPU.ActiveCfg = Release|Any CPU
		{AC77F6A1-8470-4D17-8C82-5E7719776EED}.Release|Any CPU.Build.0 = Release|Any CPU
	EndGlobalSection
	GlobalSection(SolutionProperties) = preSolution
		HideSolutionNode = FALSE
	EndGlobalSection
	GlobalSection(ExtensibilityGlobals) = postSolution
		SolutionGuid = {ECF3530E-2C7E-4F85-83CA-5E52C808DB51}
	EndGlobalSection
EndGlobal
